github.com/nobishino/gomodules-c v1.1.0 h1:t/2PHo0wOLiKBNFMVHCEiGrMY6xEzSKIKvkWrXy9CZw=
github.com/nobishino/gomodules-c v1.1.0/go.mod h1:F7SoTSjvrJ3heWmixBpWKBq68h59B2h9LMTbxLv0iRc=
github.com/nobishino/gomodules-d v1.1.0 h1:L1m/sNPmeJAheGojBv0brj7xRlNKddIpxfxf7mSIV80=
github.com/nobishino/gomodules-d v1.1.0/go.mod h1:mwFPJRNt3Dx9YFdyqIEGqKanh9UXqCjktePrhixAVow=
